
Microsoft Visual Studio Solution File, Format Version 12.00
# Visual Studio Version 17
VisualStudioVersion = 17.9.34723.18
MinimumVisualStudioVersion = 10.0.40219.1
Project("{FAE04EC0-301F-11D3-BF4B-00C04F79EFBC}") = "oop_4", "oop_4\oop_4.csproj", "{404C0DEA-6142-4D2E-9D14-355B730AC12A}"
EndProject
Global
	GlobalSection(SolutionConfigurationPlatforms) = preSolution
		Debug|Any CPU = Debug|Any CPU
		Release|Any CPU = Release|Any CPU
	EndGlobalSection
	GlobalSection(ProjectConfigurationPlatforms) = postSolution
		{404C0DEA-6142-4D2E-9D14-355B730AC12A}.Debug|Any CPU.ActiveCfg = Debug|Any CPU
		{404C0DEA-6142-4D2E-9D14-355B730AC12A}.Debug|Any CPU.Build.0 = Debug|Any CPU
		{404C0DEA-6142-4D2E-9D14-355B730AC12A}.Release|Any CPU.ActiveCfg = Release|Any CPU
		{404C0DEA-6142-4D2E-9D14-355B730AC12A}.Release|Any CPU.Build.0 = Release|Any CPU
	EndGlobalSection
	GlobalSection(SolutionProperties) = preSolution
		HideSolutionNode = FALSE
	EndGlobalSection
	GlobalSection(ExtensibilityGlobals) = postSolution
		SolutionGuid = {2805DEA0-70CA-4297-A017-5A5FA92E5C19}
	EndGlobalSection
EndGlobal
